
Microsoft Visual Studio Solution File, Format Version 11.00
# Visual C# Express 2010
Project("{FAE04EC0-301F-11D3-BF4B-00C04F79EFBC}") = "RugbyLeague", "RugbyLeague\RugbyLeague\RugbyLeague.csproj", "{731565AE-45B3-4C47-97A5-FDCFD07E5022}"
EndProject
Project("{96E2B04D-8817-42C6-938A-82C39BA4D311}") = "RugbyLeagueContent", "RugbyLeague\RugbyLeagueContent\RugbyLeagueContent.contentproj", "{2BFCE0A0-AB92-4EC1-90DD-4BB197A720EF}"
EndProject
Project("{FAE04EC0-301F-11D3-BF4B-00C04F79EFBC}") = "XFlixel", "..\XNAFlixel\XFlixel\XFlixel.csproj", "{50463AEB-DA30-46D5-B01B-93F9C42F5765}"
EndProject
Project("{FAE04EC0-301F-11D3-BF4B-00C04F79EFBC}") = "XFlixelContent", "..\XNAFlixel\XFlixelContent\XFlixelContent.contentproj", "{327F8527-448C-470E-9016-949859914C92}"
EndProject
Global
	GlobalSection(SolutionConfigurationPlatforms) = preSolution
		Debug|x86 = Debug|x86
		DEMO|x86 = DEMO|x86
		FULL|x86 = FULL|x86
		MAKEGIF|x86 = MAKEGIF|x86
		PIRATE|x86 = PIRATE|x86
		PRESS|x86 = PRESS|x86
		Release|x86 = Release|x86
		Revvolvver|x86 = Revvolvver|x86
	EndGlobalSection
	GlobalSection(ProjectConfigurationPlatforms) = postSolution
		{731565AE-45B3-4C47-97A5-FDCFD07E5022}.Debug|x86.ActiveCfg = Debug|x86
		{731565AE-45B3-4C47-97A5-FDCFD07E5022}.Debug|x86.Build.0 = Debug|x86
		{731565AE-45B3-4C47-97A5-FDCFD07E5022}.DEMO|x86.ActiveCfg = Debug|x86
		{731565AE-45B3-4C47-97A5-FDCFD07E5022}.DEMO|x86.Build.0 = Debug|x86
		{731565AE-45B3-4C47-97A5-FDCFD07E5022}.FULL|x86.ActiveCfg = Release|x86
		{731565AE-45B3-4C47-97A5-FDCFD07E5022}.FULL|x86.Build.0 = Release|x86
		{731565AE-45B3-4C47-97A5-FDCFD07E5022}.MAKEGIF|x86.ActiveCfg = Release|x86
		{731565AE-45B3-4C47-97A5-FDCFD07E5022}.MAKEGIF|x86.Build.0 = Release|x86
		{731565AE-45B3-4C47-97A5-FDCFD07E5022}.PIRATE|x86.ActiveCfg = Release|x86
		{731565AE-45B3-4C47-97A5-FDCFD07E5022}.PIRATE|x86.Build.0 = Release|x86
		{731565AE-45B3-4C47-97A5-FDCFD07E5022}.PRESS|x86.ActiveCfg = Release|x86
		{731565AE-45B3-4C47-97A5-FDCFD07E5022}.PRESS|x86.Build.0 = Release|x86
		{731565AE-45B3-4C47-97A5-FDCFD07E5022}.Release|x86.ActiveCfg = Release|x86
		{731565AE-45B3-4C47-97A5-FDCFD07E5022}.Release|x86.Build.0 = Release|x86
		{731565AE-45B3-4C47-97A5-FDCFD07E5022}.Revvolvver|x86.ActiveCfg = Release|x86
		{731565AE-45B3-4C47-97A5-FDCFD07E5022}.Revvolvver|x86.Build.0 = Release|x86
		{2BFCE0A0-AB92-4EC1-90DD-4BB197A720EF}.Debug|x86.ActiveCfg = Debug|x86
		{2BFCE0A0-AB92-4EC1-90DD-4BB197A720EF}.DEMO|x86.ActiveCfg = Debug|x86
		{2BFCE0A0-AB92-4EC1-90DD-4BB197A720EF}.FULL|x86.ActiveCfg = Release|x86
		{2BFCE0A0-AB92-4EC1-90DD-4BB197A720EF}.MAKEGIF|x86.ActiveCfg = Release|x86
		{2BFCE0A0-AB92-4EC1-90DD-4BB197A720EF}.PIRATE|x86.ActiveCfg = Release|x86
		{2BFCE0A0-AB92-4EC1-90DD-4BB197A720EF}.PRESS|x86.ActiveCfg = Release|x86
		{2BFCE0A0-AB92-4EC1-90DD-4BB197A720EF}.Release|x86.ActiveCfg = Release|x86
		{2BFCE0A0-AB92-4EC1-90DD-4BB197A720EF}.Revvolvver|x86.ActiveCfg = Release|x86
		{50463AEB-DA30-46D5-B01B-93F9C42F5765}.Debug|x86.ActiveCfg = Debug|x86
		{50463AEB-DA30-46D5-B01B-93F9C42F5765}.Debug|x86.Build.0 = Debug|x86
		{50463AEB-DA30-46D5-B01B-93F9C42F5765}.DEMO|x86.ActiveCfg = DEMO|x86
		{50463AEB-DA30-46D5-B01B-93F9C42F5765}.DEMO|x86.Build.0 = DEMO|x86
		{50463AEB-DA30-46D5-B01B-93F9C42F5765}.FULL|x86.ActiveCfg = FULL|x86
		{50463AEB-DA30-46D5-B01B-93F9C42F5765}.FULL|x86.Build.0 = FULL|x86
		{50463AEB-DA30-46D5-B01B-93F9C42F5765}.MAKEGIF|x86.ActiveCfg = MAKEGIF|x86
		{50463AEB-DA30-46D5-B01B-93F9C42F5765}.MAKEGIF|x86.Build.0 = MAKEGIF|x86
		{50463AEB-DA30-46D5-B01B-93F9C42F5765}.PIRATE|x86.ActiveCfg = PIRATE|x86
		{50463AEB-DA30-46D5-B01B-93F9C42F5765}.PIRATE|x86.Build.0 = PIRATE|x86
		{50463AEB-DA30-46D5-B01B-93F9C42F5765}.PRESS|x86.ActiveCfg = PRESS|x86
		{50463AEB-DA30-46D5-B01B-93F9C42F5765}.PRESS|x86.Build.0 = PRESS|x86
		{50463AEB-DA30-46D5-B01B-93F9C42F5765}.Release|x86.ActiveCfg = Release|x86
		{50463AEB-DA30-46D5-B01B-93F9C42F5765}.Release|x86.Build.0 = Release|x86
		{50463AEB-DA30-46D5-B01B-93F9C42F5765}.Revvolvver|x86.ActiveCfg = Revvolvver|x86
		{50463AEB-DA30-46D5-B01B-93F9C42F5765}.Revvolvver|x86.Build.0 = Revvolvver|x86
		{327F8527-448C-470E-9016-949859914C92}.Debug|x86.ActiveCfg = Debug|x86
		{327F8527-448C-470E-9016-949859914C92}.DEMO|x86.ActiveCfg = Debug|x86
		{327F8527-448C-470E-9016-949859914C92}.FULL|x86.ActiveCfg = Release|x86
		{327F8527-448C-470E-9016-949859914C92}.MAKEGIF|x86.ActiveCfg = Release|x86
		{327F8527-448C-470E-9016-949859914C92}.PIRATE|x86.ActiveCfg = Release|x86
		{327F8527-448C-470E-9016-949859914C92}.PRESS|x86.ActiveCfg = Release|x86
		{327F8527-448C-470E-9016-949859914C92}.Release|x86.ActiveCfg = Release|x86
		{327F8527-448C-470E-9016-949859914C92}.Revvolvver|x86.ActiveCfg = Release|x86
	EndGlobalSection
	GlobalSection(SolutionProperties) = preSolution
		HideSolutionNode = FALSE
	EndGlobalSection
EndGlobal
